
Microsoft Visual Studio Solution File, Format Version 12.00
# Visual Studio 2012
Project("{FAE04EC0-301F-11D3-BF4B-00C04F79EFBC}") = "WhosOnBreak", "WhosOnBreak\WhosOnBreak.csproj", "{6279DFAB-37E2-4BC7-8060-3EEBCA57C0C0}"
EndProject
Project("{FAE04EC0-301F-11D3-BF4B-00C04F79EFBC}") = "WhosOnBreak.iOS", "iOS\WhosOnBreak.iOS.csproj", "{DED46472-5732-4275-B95C-5E6975C034E0}"
EndProject
Project("{FAE04EC0-301F-11D3-BF4B-00C04F79EFBC}") = "WhosOnBreak.Droid", "Droid\WhosOnBreak.Droid.csproj", "{893F5CD0-9F57-460E-B665-EDDAEF0AC90F}"
EndProject
Global
	GlobalSection(SolutionConfigurationPlatforms) = preSolution
		Debug|Any CPU = Debug|Any CPU
		Release|Any CPU = Release|Any CPU
		Debug|iPhoneSimulator = Debug|iPhoneSimulator
		Release|iPhone = Release|iPhone
		Release|iPhoneSimulator = Release|iPhoneSimulator
		Debug|iPhone = Debug|iPhone
	EndGlobalSection
	GlobalSection(ProjectConfigurationPlatforms) = postSolution
		{6279DFAB-37E2-4BC7-8060-3EEBCA57C0C0}.Debug|Any CPU.ActiveCfg = Debug|Any CPU
		{6279DFAB-37E2-4BC7-8060-3EEBCA57C0C0}.Debug|Any CPU.Build.0 = Debug|Any CPU
		{6279DFAB-37E2-4BC7-8060-3EEBCA57C0C0}.Release|Any CPU.ActiveCfg = Release|Any CPU
		{6279DFAB-37E2-4BC7-8060-3EEBCA57C0C0}.Release|Any CPU.Build.0 = Release|Any CPU
		{6279DFAB-37E2-4BC7-8060-3EEBCA57C0C0}.Debug|iPhoneSimulator.ActiveCfg = Debug|Any CPU
		{6279DFAB-37E2-4BC7-8060-3EEBCA57C0C0}.Debug|iPhoneSimulator.Build.0 = Debug|Any CPU
		{6279DFAB-37E2-4BC7-8060-3EEBCA57C0C0}.Release|iPhone.ActiveCfg = Release|Any CPU
		{6279DFAB-37E2-4BC7-8060-3EEBCA57C0C0}.Release|iPhone.Build.0 = Release|Any CPU
		{6279DFAB-37E2-4BC7-8060-3EEBCA57C0C0}.Release|iPhoneSimulator.ActiveCfg = Release|Any CPU
		{6279DFAB-37E2-4BC7-8060-3EEBCA57C0C0}.Release|iPhoneSimulator.Build.0 = Release|Any CPU
		{6279DFAB-37E2-4BC7-8060-3EEBCA57C0C0}.Debug|iPhone.ActiveCfg = Debug|Any CPU
		{6279DFAB-37E2-4BC7-8060-3EEBCA57C0C0}.Debug|iPhone.Build.0 = Debug|Any CPU
		{DED46472-5732-4275-B95C-5E6975C034E0}.Debug|Any CPU.ActiveCfg = Debug|iPhoneSimulator
		{DED46472-5732-4275-B95C-5E6975C034E0}.Debug|Any CPU.Build.0 = Debug|iPhoneSimulator
		{DED46472-5732-4275-B95C-5E6975C034E0}.Release|Any CPU.ActiveCfg = Release|iPhone
		{DED46472-5732-4275-B95C-5E6975C034E0}.Release|Any CPU.Build.0 = Release|iPhone
		{DED46472-5732-4275-B95C-5E6975C034E0}.Debug|iPhoneSimulator.ActiveCfg = Debug|iPhoneSimulator
		{DED46472-5732-4275-B95C-5E6975C034E0}.Debug|iPhoneSimulator.Build.0 = Debug|iPhoneSimulator
		{DED46472-5732-4275-B95C-5E6975C034E0}.Release|iPhone.ActiveCfg = Release|iPhone
		{DED46472-5732-4275-B95C-5E6975C034E0}.Release|iPhone.Build.0 = Release|iPhone
		{DED46472-5732-4275-B95C-5E6975C034E0}.Release|iPhoneSimulator.ActiveCfg = Release|iPhoneSimulator
		{DED46472-5732-4275-B95C-5E6975C034E0}.Release|iPhoneSimulator.Build.0 = Release|iPhoneSimulator
		{DED46472-5732-4275-B95C-5E6975C034E0}.Debug|iPhone.ActiveCfg = Debug|iPhone
		{DED46472-5732-4275-B95C-5E6975C034E0}.Debug|iPhone.Build.0 = Debug|iPhone
		{893F5CD0-9F57-460E-B665-EDDAEF0AC90F}.Debug|Any CPU.ActiveCfg = Debug|Any CPU
		{893F5CD0-9F57-460E-B665-EDDAEF0AC90F}.Debug|Any CPU.Build.0 = Debug|Any CPU
		{893F5CD0-9F57-460E-B665-EDDAEF0AC90F}.Release|Any CPU.ActiveCfg = Release|Any CPU
		{893F5CD0-9F57-460E-B665-EDDAEF0AC90F}.Release|Any CPU.Build.0 = Release|Any CPU
		{893F5CD0-9F57-460E-B665-EDDAEF0AC90F}.Debug|iPhoneSimulator.ActiveCfg = Debug|Any CPU
		{893F5CD0-9F57-460E-B665-EDDAEF0AC90F}.Debug|iPhoneSimulator.Build.0 = Debug|Any CPU
		{893F5CD0-9F57-460E-B665-EDDAEF0AC90F}.Release|iPhone.ActiveCfg = Release|Any CPU
		{893F5CD0-9F57-460E-B665-EDDAEF0AC90F}.Release|iPhone.Build.0 = Release|Any CPU
		{893F5CD0-9F57-460E-B665-EDDAEF0AC90F}.Release|iPhoneSimulator.ActiveCfg = Release|Any CPU
		{893F5CD0-9F57-460E-B665-EDDAEF0AC90F}.Release|iPhoneSimulator.Build.0 = Release|Any CPU
		{893F5CD0-9F57-460E-B665-EDDAEF0AC90F}.Debug|iPhone.ActiveCfg = Debug|Any CPU
		{893F5CD0-9F57-460E-B665-EDDAEF0AC90F}.Debug|iPhone.Build.0 = Debug|Any CPU
	EndGlobalSection
EndGlobal
